{
  "lockfileVersion": 1,
  "workspaces": {
    "": {
      "name": "switchchat",
      "dependencies": {
        "@types/ws": "^8.5.4",
        "ws": "^8.12.0",
      },
      "devDependencies": {
        "typedoc": "^0.23.26",
        "typescript": "^4.9.4",
      },
    },
  },
  "packages": {
    "@types/node": ["@types/node@18.11.18", "", {}, "sha512-DHQpWGjyQKSHj3ebjFI/wRKcqQcdR+MoFBygntYOZytCqNfkd2ZC4ARDJ2DQqhjH5p85Nnd3jhUJIXrszFX/JA=="],

    "@types/ws": ["@types/ws@8.5.4", "", { "dependencies": { "@types/node": "*" } }, "sha512-zdQDHKUgcX/zBc4GrwsE/7dVdAD8JR4EuiAXiiUhhfyIJXXb2+PrGshFyeXWQPMmmZ2XxgaqclgpIC7eTXc1mg=="],

    "ansi-sequence-parser": ["ansi-sequence-parser@1.1.0", "", {}, "sha512-lEm8mt52to2fT8GhciPCGeCXACSz2UwIN4X2e2LJSnZ5uAbn2/dsYdOmUXq0AtWS5cpAupysIneExOgH0Vd2TQ=="],

    "balanced-match": ["balanced-match@1.0.2", "", {}, "sha512-3oSeUO0TMV67hN1AmbXsK4yaqU7tjiHlbxRDZOpH0KW9+CeX4bRAaX0Anxt0tx2MrpRpWwQaPwIlISEJhYU5Pw=="],

    "brace-expansion": ["brace-expansion@2.0.1", "", { "dependencies": { "balanced-match": "^1.0.0" } }, "sha512-XnAIvQ8eM+kC6aULx6wuQiwVsnzsi9d3WxzV3FpWTGA19F621kwdbsAcFKXgKUHZWsy+mY6iL1sHTxWEFCytDA=="],

    "jsonc-parser": ["jsonc-parser@3.2.0", "", {}, "sha512-gfFQZrcTc8CnKXp6Y4/CBT3fTc0OVuDofpre4aEeEpSBPV5X5v4+Vmx+8snU7RLPrNHPKSgLxGo9YuQzz20o+w=="],

    "lunr": ["lunr@2.3.9", "", {}, "sha512-zTU3DaZaF3Rt9rhN3uBMGQD3dD2/vFQqnvZCDv4dl5iOzq2IZQqTxu90r4E5J+nP70J3ilqVCrbho2eWaeW8Ow=="],

    "marked": ["marked@4.2.12", "", { "bin": "bin/marked.js" }, "sha512-yr8hSKa3Fv4D3jdZmtMMPghgVt6TWbk86WQaWhDloQjRSQhMMYCAro7jP7VDJrjjdV8pxVxMssXS8B8Y5DZ5aw=="],

    "minimatch": ["minimatch@7.4.2", "", { "dependencies": { "brace-expansion": "^2.0.1" } }, "sha512-xy4q7wou3vUoC9k1xGTXc+awNdGaGVHtFUaey8tiX4H1QRc04DZ/rmDFwNm2EBsuYEhAZ6SgMmYf3InGY6OauA=="],

    "shiki": ["shiki@0.14.1", "", { "dependencies": { "ansi-sequence-parser": "^1.1.0", "jsonc-parser": "^3.2.0", "vscode-oniguruma": "^1.7.0", "vscode-textmate": "^8.0.0" } }, "sha512-+Jz4nBkCBe0mEDqo1eKRcCdjRtrCjozmcbTUjbPTX7OOJfEbTZzlUWlZtGe3Gb5oV1/jnojhG//YZc3rs9zSEw=="],

    "typedoc": ["typedoc@0.23.26", "", { "dependencies": { "lunr": "^2.3.9", "marked": "^4.2.12", "minimatch": "^7.1.3", "shiki": "^0.14.1" }, "peerDependencies": { "typescript": "4.6.x || 4.7.x || 4.8.x || 4.9.x" }, "bin": "bin/typedoc" }, "sha512-5m4KwR5tOLnk0OtMaRn9IdbeRM32uPemN9kur7YK9wFqx8U0CYrvO9aVq6ysdZSV1c824BTm+BuQl2Ze/k1HtA=="],

    "typescript": ["typescript@4.9.4", "", { "bin": { "tsc": "bin/tsc", "tsserver": "bin/tsserver" } }, "sha512-Uz+dTXYzxXXbsFpM86Wh3dKCxrQqUcVMxwU54orwlJjOpO3ao8L7j5lH+dWfTwgCwIuM9GQ2kvVotzYJMXTBZg=="],

    "vscode-oniguruma": ["vscode-oniguruma@1.7.0", "", {}, "sha512-L9WMGRfrjOhgHSdOYgCt/yRMsXzLDJSL7BPrOZt73gU0iWO4mpqzqQzOz5srxqTvMBaR0XZTSrVWo4j55Rc6cA=="],

    "vscode-textmate": ["vscode-textmate@8.0.0", "", {}, "sha512-AFbieoL7a5LMqcnOF04ji+rpXadgOXnZsxQr//r83kLPr7biP7am3g9zbaZIaBGwBRWeSvoMD4mgPdX3e4NWBg=="],

    "ws": ["ws@8.17.1", "", { "peerDependencies": { "bufferutil": "^4.0.1", "utf-8-validate": ">=5.0.2" }, "optionalPeers": ["bufferutil", "utf-8-validate"] }, "sha512-6XQFvXTkbfUOZOKKILFG1PDK2NDQs4azKQl26T0YS5CxqWLgXajbPZ+h4gZekJyRqFU8pvnbAbbs/3TgRPy+GQ=="],
  }
}
